// !$*UTF8*$!
{
	archiveVersion = 1;
	classes = {
	};
	objectVersion = 48;
	objects = {

/* Begin PBXBuildFile section */
		B167F6E420EB3F5100C22B7D /* AppDelegate.swift in Sources */ = {isa = PBXBuildFile; fileRef = B167F6E320EB3F5100C22B7D /* AppDelegate.swift */; };
		B167F6E620EB3F5100C22B7D /* ViewController.swift in Sources */ = {isa = PBXBuildFile; fileRef = B167F6E520EB3F5100C22B7D /* ViewController.swift */; };
		B167F6E920EB3F5100C22B7D /* Main.storyboard in Resources */ = {isa = PBXBuildFile; fileRef = B167F6E720EB3F5100C22B7D /* Main.storyboard */; };
		B167F6EB20EB3F5100C22B7D /* Assets.xcassets in Resources */ = {isa = PBXBuildFile; fileRef = B167F6EA20EB3F5100C22B7D /* Assets.xcassets */; };
		B167F6EE20EB3F5100C22B7D /* LaunchScreen.storyboard in Resources */ = {isa = PBXBuildFile; fileRef = B167F6EC20EB3F5100C22B7D /* LaunchScreen.storyboard */; };
		B167F6F920EB3F5100C22B7D /* CustomMenuTests.swift in Sources */ = {isa = PBXBuildFile; fileRef = B167F6F820EB3F5100C22B7D /* CustomMenuTests.swift */; };
		B167F70420EB3F5100C22B7D /* CustomMenuUITests.swift in Sources */ = {isa = PBXBuildFile; fileRef = B167F70320EB3F5100C22B7D /* CustomMenuUITests.swift */; };
		B167F71720EB485900C22B7D /* SWRevealViewController.m in Sources */ = {isa = PBXBuildFile; fileRef = B167F71620EB485900C22B7D /* SWRevealViewController.m */; };
		B167F71920EB539700C22B7D /* TableViewController.swift in Sources */ = {isa = PBXBuildFile; fileRef = B167F71820EB539700C22B7D /* TableViewController.swift */; };
		B167F71B20EB542200C22B7D /* TableViewCell.swift in Sources */ = {isa = PBXBuildFile; fileRef = B167F71A20EB542200C22B7D /* TableViewCell.swift */; };
/* End PBXBuildFile section */

/* Begin PBXContainerItemProxy section */
		B167F6F520EB3F5100C22B7D /* PBXContainerItemProxy */ = {
			isa = PBXContainerItemProxy;
			containerPortal = B167F6D820EB3F5100C22B7D /* Project object */;
			proxyType = 1;
			remoteGlobalIDString = B167F6DF20EB3F5100C22B7D;
			remoteInfo = CustomMenu;
		};
		B167F70020EB3F5100C22B7D /* PBXContainerItemProxy */ = {
			isa = PBXContainerItemProxy;
			containerPortal = B167F6D820EB3F5100C22B7D /* Project object */;
			proxyType = 1;
			remoteGlobalIDString = B167F6DF20EB3F5100C22B7D;
			remoteInfo = CustomMenu;
		};
/* End PBXContainerItemProxy section */

/* Begin PBXFileReference section */
		B167F6E020EB3F5100C22B7D /* CustomMenu.app */ = {isa = PBXFileReference; explicitFileType = wrapper.application; includeInIndex = 0; path = CustomMenu.app; sourceTree = BUILT_PRODUCTS_DIR; };
		B167F6E320EB3F5100C22B7D /* AppDelegate.swift */ = {isa = PBXFileReference; lastKnownFileType = sourcecode.swift; path = AppDelegate.swift; sourceTree = "<group>"; };
		B167F6E520EB3F5100C22B7D /* ViewController.swift */ = {isa = PBXFileReference; lastKnownFileType = sourcecode.swift; path = ViewController.swift; sourceTree = "<group>"; };
		B167F6E820EB3F5100C22B7D /* Base */ = {isa = PBXFileReference; lastKnownFileType = file.storyboard; name = Base; path = Base.lproj/Main.storyboard; sourceTree = "<group>"; };
		B167F6EA20EB3F5100C22B7D /* Assets.xcassets */ = {isa = PBXFileReference; lastKnownFileType = folder.assetcatalog; path = Assets.xcassets; sourceTree = "<group>"; };
		B167F6ED20EB3F5100C22B7D /* Base */ = {isa = PBXFileReference; lastKnownFileType = file.storyboard; name = Base; path = Base.lproj/LaunchScreen.storyboard; sourceTree = "<group>"; };
		B167F6EF20EB3F5100C22B7D /* Info.plist */ = {isa = PBXFileReference; lastKnownFileType = text.plist.xml; path = Info.plist; sourceTree = "<group>"; };
		B167F6F420EB3F5100C22B7D /* CustomMenuTests.xctest */ = {isa = PBXFileReference; explicitFileType = wrapper.cfbundle; includeInIndex = 0; path = CustomMenuTests.xctest; sourceTree = BUILT_PRODUCTS_DIR; };
		B167F6F820EB3F5100C22B7D /* CustomMenuTests.swift */ = {isa = PBXFileReference; lastKnownFileType = sourcecode.swift; path = CustomMenuTests.swift; sourceTree = "<group>"; };
		B167F6FA20EB3F5100C22B7D /* Info.plist */ = {isa = PBXFileReference; lastKnownFileType = text.plist.xml; path = Info.plist; sourceTree = "<group>"; };
		B167F6FF20EB3F5100C22B7D /* CustomMenuUITests.xctest */ = {isa = PBXFileReference; explicitFileType = wrapper.cfbundle; includeInIndex = 0; path = CustomMenuUITests.xctest; sourceTree = BUILT_PRODUCTS_DIR; };
		B167F70320EB3F5100C22B7D /* CustomMenuUITests.swift */ = {isa = PBXFileReference; lastKnownFileType = sourcecode.swift; path = CustomMenuUITests.swift; sourceTree = "<group>"; };
		B167F70520EB3F5100C22B7D /* Info.plist */ = {isa = PBXFileReference; lastKnownFileType = text.plist.xml; path = Info.plist; sourceTree = "<group>"; };
		B167F71420EB485800C22B7D /* CustomMenu-Bridging-Header.h */ = {isa = PBXFileReference; lastKnownFileType = sourcecode.c.h; path = "CustomMenu-Bridging-Header.h"; sourceTree = "<group>"; };
		B167F71520EB485900C22B7D /* SWRevealViewController.h */ = {isa = PBXFileReference; fileEncoding = 4; lastKnownFileType = sourcecode.c.h; name = SWRevealViewController.h; path = "../../../../Downloads/SWRevealViewController-master/SWRevealViewController/SWRevealViewController.h"; sourceTree = "<group>"; };
		B167F71620EB485900C22B7D /* SWRevealViewController.m */ = {isa = PBXFileReference; fileEncoding = 4; lastKnownFileType = sourcecode.c.objc; name = SWRevealViewController.m; path = "../../../../Downloads/SWRevealViewController-master/SWRevealViewController/SWRevealViewController.m"; sourceTree = "<group>"; };
		B167F71820EB539700C22B7D /* TableViewController.swift */ = {isa = PBXFileReference; lastKnownFileType = sourcecode.swift; path = TableViewController.swift; sourceTree = "<group>"; };
		B167F71A20EB542200C22B7D /* TableViewCell.swift */ = {isa = PBXFileReference; lastKnownFileType = sourcecode.swift; path = TableViewCell.swift; sourceTree = "<group>"; };
/* End PBXFileReference section */

/* Begin PBXFrameworksBuildPhase section */
		B167F6DD20EB3F5100C22B7D /* Frameworks */ = {
			isa = PBXFrameworksBuildPhase;
			buildActionMask = 2147483647;
			files = (
			);
			runOnlyForDeploymentPostprocessing = 0;
		};
		B167F6F120EB3F5100C22B7D /* Frameworks */ = {
			isa = PBXFrameworksBuildPhase;
			buildActionMask = 2147483647;
			files = (
			);
			runOnlyForDeploymentPostprocessing = 0;
		};
		B167F6FC20EB3F5100C22B7D /* Frameworks */ = {
			isa = PBXFrameworksBuildPhase;
			buildActionMask = 2147483647;
			files = (
			);
			runOnlyForDeploymentPostprocessing = 0;
		};
/* End PBXFrameworksBuildPhase section */

/* Begin PBXGroup section */
		B167F6D720EB3F5100C22B7D = {
			isa = PBXGroup;
			children = (
				B167F6E220EB3F5100C22B7D /* CustomMenu */,
				B167F6F720EB3F5100C22B7D /* CustomMenuTests */,
				B167F70220EB3F5100C22B7D /* CustomMenuUITests */,
				B167F6E120EB3F5100C22B7D /* Products */,
			);
			sourceTree = "<group>";
		};
		B167F6E120EB3F5100C22B7D /* Products */ = {
			isa = PBXGroup;
			children = (
				B167F6E020EB3F5100C22B7D /* CustomMenu.app */,
				B167F6F420EB3F5100C22B7D /* CustomMenuTests.xctest */,
				B167F6FF20EB3F5100C22B7D /* CustomMenuUITests.xctest */,
			);
			name = Products;
			sourceTree = "<group>";
		};
		B167F6E220EB3F5100C22B7D /* CustomMenu */ = {
			isa = PBXGroup;
			children = (
				B167F71320EB483600C22B7D /* SWRevealViewController */,
				B167F6E320EB3F5100C22B7D /* AppDelegate.swift */,
				B167F6E520EB3F5100C22B7D /* ViewController.swift */,
				B167F6E720EB3F5100C22B7D /* Main.storyboard */,
				B167F6EA20EB3F5100C22B7D /* Assets.xcassets */,
				B167F6EC20EB3F5100C22B7D /* LaunchScreen.storyboard */,
				B167F6EF20EB3F5100C22B7D /* Info.plist */,
				B167F71820EB539700C22B7D /* TableViewController.swift */,
				B167F71A20EB542200C22B7D /* TableViewCell.swift */,
			);
			path = CustomMenu;
			sourceTree = "<group>";
		};
		B167F6F720EB3F5100C22B7D /* CustomMenuTests */ = {
			isa = PBXGroup;
			children = (
				B167F6F820EB3F5100C22B7D /* CustomMenuTests.swift */,
				B167F6FA20EB3F5100C22B7D /* Info.plist */,
			);
			path = CustomMenuTests;
			sourceTree = "<group>";
		};
		B167F70220EB3F5100C22B7D /* CustomMenuUITests */ = {
			isa = PBXGroup;
			children = (
				B167F70320EB3F5100C22B7D /* CustomMenuUITests.swift */,
				B167F70520EB3F5100C22B7D /* Info.plist */,
			);
			path = CustomMenuUITests;
			sourceTree = "<group>";
		};
		B167F71320EB483600C22B7D /* SWRevealViewController */ = {
			isa = PBXGroup;
			children = (
				B167F71520EB485900C22B7D /* SWRevealViewController.h */,
				B167F71620EB485900C22B7D /* SWRevealViewController.m */,
				B167F71420EB485800C22B7D /* CustomMenu-Bridging-Header.h */,
			);
			path = SWRevealViewController;
			sourceTree = "<group>";
		};
/* End PBXGroup section */

/* Begin PBXNativeTarget section */
		B167F6DF20EB3F5100C22B7D /* CustomMenu */ = {
			isa = PBXNativeTarget;
			buildConfigurationList = B167F70820EB3F5100C22B7D /* Build configuration list for PBXNativeTarget "CustomMenu" */;
			buildPhases = (
				B167F6DC20EB3F5100C22B7D /* Sources */,
				B167F6DD20EB3F5100C22B7D /* Frameworks */,
				B167F6DE20EB3F5100C22B7D /* Resources */,
			);
			buildRules = (
			);
			dependencies = (
			);
			name = CustomMenu;
			productName = CustomMenu;
			productReference = B167F6E020EB3F5100C22B7D /* CustomMenu.app */;
			productType = "com.apple.product-type.application";
		};
		B167F6F320EB3F5100C22B7D /* CustomMenuTests */ = {
			isa = PBXNativeTarget;
			buildConfigurationList = B167F70B20EB3F5100C22B7D /* Build configuration list for PBXNativeTarget "CustomMenuTests" */;
			buildPhases = (
				B167F6F020EB3F5100C22B7D /* Sources */,
				B167F6F120EB3F5100C22B7D /* Frameworks */,
				B167F6F220EB3F5100C22B7D /* Resources */,
			);
			buildRules = (
			);
			dependencies = (
				B167F6F620EB3F5100C22B7D /* PBXTargetDependency */,
			);
			name = CustomMenuTests;
			productName = CustomMenuTests;
			productReference = B167F6F420EB3F5100C22B7D /* CustomMenuTests.xctest */;
			productType = "com.apple.product-type.bundle.unit-test";
		};
		B167F6FE20EB3F5100C22B7D /* CustomMenuUITests */ = {
			isa = PBXNativeTarget;
			buildConfigurationList = B167F70E20EB3F5100C22B7D /* Build configuration list for PBXNativeTarget "CustomMenuUITests" */;
			buildPhases = (
				B167F6FB20EB3F5100C22B7D /* Sources */,
				B167F6FC20EB3F5100C22B7D /* Frameworks */,
				B167F6FD20EB3F5100C22B7D /* Resources */,
			);
			buildRules = (
			);
			dependencies = (
				B167F70120EB3F5100C22B7D /* PBXTargetDependency */,
			);
			name = CustomMenuUITests;
			productName = CustomMenuUITests;
			productReference = B167F6FF20EB3F5100C22B7D /* CustomMenuUITests.xctest */;
			productType = "com.apple.product-type.bundle.ui-testing";
		};
/* End PBXNativeTarget section */

/* Begin PBXProject section */
		B167F6D820EB3F5100C22B7D /* Project object */ = {
			isa = PBXProject;
			attributes = {
				LastSwiftUpdateCheck = 0910;
				LastUpgradeCheck = 0910;
				ORGANIZATIONNAME = "Mansi Mahajan";
				TargetAttributes = {
					B167F6DF20EB3F5100C22B7D = {
						CreatedOnToolsVersion = 9.1;
						LastSwiftMigration = 0910;
						ProvisioningStyle = Automatic;
					};
					B167F6F320EB3F5100C22B7D = {
						CreatedOnToolsVersion = 9.1;
						ProvisioningStyle = Automatic;
						TestTargetID = B167F6DF20EB3F5100C22B7D;
					};
					B167F6FE20EB3F5100C22B7D = {
						CreatedOnToolsVersion = 9.1;
						ProvisioningStyle = Automatic;
						TestTargetID = B167F6DF20EB3F5100C22B7D;
					};
				};
			};
			buildConfigurationList = B167F6DB20EB3F5100C22B7D /* Build configuration list for PBXProject "CustomMenu" */;
			compatibilityVersion = "Xcode 8.0";
			developmentRegion = en;
			hasScannedForEncodings = 0;
			knownRegions = (
				en,
				Base,
			);
			mainGroup = B167F6D720EB3F5100C22B7D;
			productRefGroup = B167F6E120EB3F5100C22B7D /* Products */;
			projectDirPath = "";
			projectRoot = "";
			targets = (
				B167F6DF20EB3F5100C22B7D /* CustomMenu */,
				B167F6F320EB3F5100C22B7D /* CustomMenuTests */,
				B167F6FE20EB3F5100C22B7D /* CustomMenuUITests */,
			);
		};
/* End PBXProject section */

/* Begin PBXResourcesBuildPhase section */
		B167F6DE20EB3F5100C22B7D /* Resources */ = {
			isa = PBXResourcesBuildPhase;
			buildActionMask = 2147483647;
			files = (
				B167F6EE20EB3F5100C22B7D /* LaunchScreen.storyboard in Resources */,
				B167F6EB20EB3F5100C22B7D /* Assets.xcassets in Resources */,
				B167F6E920EB3F5100C22B7D /* Main.storyboard in Resources */,
			);
			runOnlyForDeploymentPostprocessing = 0;
		};
		B167F6F220EB3F5100C22B7D /* Resources */ = {
			isa = PBXResourcesBuildPhase;
			buildActionMask = 2147483647;
			files = (
			);
			runOnlyForDeploymentPostprocessing = 0;
		};
		B167F6FD20EB3F5100C22B7D /* Resources */ = {
			isa = PBXResourcesBuildPhase;
			buildActionMask = 2147483647;
			files = (
			);
			runOnlyForDeploymentPostprocessing = 0;
		};
/* End PBXResourcesBuildPhase section */

/* Begin PBXSourcesBuildPhase section */
		B167F6DC20EB3F5100C22B7D /* Sources */ = {
			isa = PBXSourcesBuildPhase;
			buildActionMask = 2147483647;
			files = (
				B167F71B20EB542200C22B7D /* TableViewCell.swift in Sources */,
				B167F6E620EB3F5100C22B7D /* ViewController.swift in Sources */,
				B167F6E420EB3F5100C22B7D /* AppDelegate.swift in Sources */,
				B167F71720EB485900C22B7D /* SWRevealViewController.m in Sources */,
				B167F71920EB539700C22B7D /* TableViewController.swift in Sources */,
			);
			runOnlyForDeploymentPostprocessing = 0;
		};
		B167F6F020EB3F5100C22B7D /* Sources */ = {
			isa = PBXSourcesBuildPhase;
			buildActionMask = 2147483647;
			files = (
				B167F6F920EB3F5100C22B7D /* CustomMenuTests.swift in Sources */,
			);
			runOnlyForDeploymentPostprocessing = 0;
		};
		B167F6FB20EB3F5100C22B7D /* Sources */ = {
			isa = PBXSourcesBuildPhase;
			buildActionMask = 2147483647;
			files = (
				B167F70420EB3F5100C22B7D /* CustomMenuUITests.swift in Sources */,
			);
			runOnlyForDeploymentPostprocessing = 0;
		};
/* End PBXSourcesBuildPhase section */

/* Begin PBXTargetDependency section */
		B167F6F620EB3F5100C22B7D /* PBXTargetDependency */ = {
			isa = PBXTargetDependency;
			target = B167F6DF20EB3F5100C22B7D /* CustomMenu */;
			targetProxy = B167F6F520EB3F5100C22B7D /* PBXContainerItemProxy */;
		};
		B167F70120EB3F5100C22B7D /* PBXTargetDependency */ = {
			isa = PBXTargetDependency;
			target = B167F6DF20EB3F5100C22B7D /* CustomMenu */;
			targetProxy = B167F70020EB3F5100C22B7D /* PBXContainerItemProxy */;
		};
/* End PBXTargetDependency section */

/* Begin PBXVariantGroup section */
		B167F6E720EB3F5100C22B7D /* Main.storyboard */ = {
			isa = PBXVariantGroup;
			children = (
				B167F6E820EB3F5100C22B7D /* Base */,
			);
			name = Main.storyboard;
			sourceTree = "<group>";
		};
		B167F6EC20EB3F5100C22B7D /* LaunchScreen.storyboard */ = {
			isa = PBXVariantGroup;
			children = (
				B167F6ED20EB3F5100C22B7D /* Base */,
			);
			name = LaunchScreen.storyboard;
			sourceTree = "<group>";
		};
/* End PBXVariantGroup section */

/* Begin XCBuildConfiguration section */
		B167F70620EB3F5100C22B7D /* Debug */ = {
			isa = XCBuildConfiguration;
			buildSettings = {
				ALWAYS_SEARCH_USER_PATHS = NO;
				CLANG_ANALYZER_NONNULL = YES;
				CLANG_ANALYZER_NUMBER_OBJECT_CONVERSION = YES_AGGRESSIVE;
				CLANG_CXX_LANGUAGE_STANDARD = "gnu++14";
				CLANG_CXX_LIBRARY = "libc++";
				CLANG_ENABLE_MODULES = YES;
				CLANG_ENABLE_OBJC_ARC = YES;
				CLANG_WARN_BLOCK_CAPTURE_AUTORELEASING = YES;
				CLANG_WARN_BOOL_CONVERSION = YES;
				CLANG_WARN_COMMA = YES;
				CLANG_WARN_CONSTANT_CONVERSION = YES;
				CLANG_WARN_DIRECT_OBJC_ISA_USAGE = YES_ERROR;
				CLANG_WARN_DOCUMENTATION_COMMENTS = YES;
				CLANG_WARN_EMPTY_BODY = YES;
				CLANG_WARN_ENUM_CONVERSION = YES;
				CLANG_WARN_INFINITE_RECURSION = YES;
				CLANG_WARN_INT_CONVERSION = YES;
				CLANG_WARN_NON_LITERAL_NULL_CONVERSION = YES;
				CLANG_WARN_OBJC_LITERAL_CONVERSION = YES;
				CLANG_WARN_OBJC_ROOT_CLASS = YES_ERROR;
				CLANG_WARN_RANGE_LOOP_ANALYSIS = YES;
				CLANG_WARN_STRICT_PROTOTYPES = YES;
				CLANG_WARN_SUSPICIOUS_MOVE = YES;
				CLANG_WARN_UNGUARDED_AVAILABILITY = YES_AGGRESSIVE;
				CLANG_WARN_UNREACHABLE_CODE = YES;
				CLANG_WARN__DUPLICATE_METHOD_MATCH = YES;
				CODE_SIGN_IDENTITY = "iPhone Developer";
				COPY_PHASE_STRIP = NO;
				DEBUG_INFORMATION_FORMAT = dwarf;
				ENABLE_STRICT_OBJC_MSGSEND = YES;
				ENABLE_TESTABILITY = YES;
				GCC_C_LANGUAGE_STANDARD = gnu11;
				GCC_DYNAMIC_NO_PIC = NO;
				GCC_NO_COMMON_BLOCKS = YES;
				GCC_OPTIMIZATION_LEVEL = 0;
				GCC_PREPROCESSOR_DEFINITIONS = (
					"DEBUG=1",
					"$(inherited)",
				);
				GCC_WARN_64_TO_32_BIT_CONVERSION = YES;
				GCC_WARN_ABOUT_RETURN_TYPE = YES_ERROR;
				GCC_WARN_UNDECLARED_SELECTOR = YES;
				GCC_WARN_UNINITIALIZED_AUTOS = YES_AGGRESSIVE;
				GCC_WARN_UNUSED_FUNCTION = YES;
				GCC_WARN_UNUSED_VARIABLE = YES;
				IPHONEOS_DEPLOYMENT_TARGET = 11.1;
				MTL_ENABLE_DEBUG_INFO = YES;
				ONLY_ACTIVE_ARCH = YES;
				SDKROOT = iphoneos;
				SWIFT_ACTIVE_COMPILATION_CONDITIONS = DEBUG;
				SWIFT_OPTIMIZATION_LEVEL = "-Onone";
			};
			name = Debug;
		};
		B167F70720EB3F5100C22B7D /* Release */ = {
			isa = XCBuildConfiguration;
			buildSettings = {
				ALWAYS_SEARCH_USER_PATHS = NO;
				CLANG_ANALYZER_NONNULL = YES;
				CLANG_ANALYZER_NUMBER_OBJECT_CONVERSION = YES_AGGRESSIVE;
				CLANG_CXX_LANGUAGE_STANDARD = "gnu++14";
				CLANG_CXX_LIBRARY = "libc++";
				CLANG_ENABLE_MODULES = YES;
				CLANG_ENABLE_OBJC_ARC = YES;
				CLANG_WARN_BLOCK_CAPTURE_AUTORELEASING = YES;
				CLANG_WARN_BOOL_CONVERSION = YES;
				CLANG_WARN_COMMA = YES;
				CLANG_WARN_CONSTANT_CONVERSION = YES;
				CLANG_WARN_DIRECT_OBJC_ISA_USAGE = YES_ERROR;
				CLANG_WARN_DOCUMENTATION_COMMENTS = YES;
				CLANG_WARN_EMPTY_BODY = YES;
				CLANG_WARN_ENUM_CONVERSION = YES;
				CLANG_WARN_INFINITE_RECURSION = YES;
				CLANG_WARN_INT_CONVERSION = YES;
				CLANG_WARN_NON_LITERAL_NULL_CONVERSION = YES;
				CLANG_WARN_OBJC_LITERAL_CONVERSION = YES;
				CLANG_WARN_OBJC_ROOT_CLASS = YES_ERROR;
				CLANG_WARN_RANGE_LOOP_ANALYSIS = YES;
				CLANG_WARN_STRICT_PROTOTYPES = YES;
				CLANG_WARN_SUSPICIOUS_MOVE = YES;
				CLANG_WARN_UNGUARDED_AVAILABILITY = YES_AGGRESSIVE;
				CLANG_WARN_UNREACHABLE_CODE = YES;
				CLANG_WARN__DUPLICATE_METHOD_MATCH = YES;
				CODE_SIGN_IDENTITY = "iPhone Developer";
				COPY_PHASE_STRIP = NO;
				DEBUG_INFORMATION_FORMAT = "dwarf-with-dsym";
				ENABLE_NS_ASSERTIONS = NO;
				ENABLE_STRICT_OBJC_MSGSEND = YES;
				GCC_C_LANGUAGE_STANDARD = gnu11;
				GCC_NO_COMMON_BLOCKS = YES;
				GCC_WARN_64_TO_32_BIT_CONVERSION = YES;
				GCC_WARN_ABOUT_RETURN_TYPE = YES_ERROR;
				GCC_WARN_UNDECLARED_SELECTOR = YES;
				GCC_WARN_UNINITIALIZED_AUTOS = YES_AGGRESSIVE;
				GCC_WARN_UNUSED_FUNCTION = YES;
				GCC_WARN_UNUSED_VARIABLE = YES;
				IPHONEOS_DEPLOYMENT_TARGET = 11.1;
				MTL_ENABLE_DEBUG_INFO = NO;
				SDKROOT = iphoneos;
				SWIFT_OPTIMIZATION_LEVEL = "-Owholemodule";
				VALIDATE_PRODUCT = YES;
			};
			name = Release;
		};
		B167F70920EB3F5100C22B7D /* Debug */ = {
			isa = XCBuildConfiguration;
			buildSettings = {
				ASSETCATALOG_COMPILER_APPICON_NAME = AppIcon;
				CLANG_ENABLE_MODULES = YES;
				CODE_SIGN_STYLE = Automatic;
				INFOPLIST_FILE = CustomMenu/Info.plist;
				LD_RUNPATH_SEARCH_PATHS = "$(inherited) @executable_path/Frameworks";
				PRODUCT_BUNDLE_IDENTIFIER = TVE.CustomMenu;
				PRODUCT_NAME = "$(TARGET_NAME)";
				SWIFT_OBJC_BRIDGING_HEADER = "CustomMenu/SWRevealViewController/CustomMenu-Bridging-Header.h";
				SWIFT_OPTIMIZATION_LEVEL = "-Onone";
				SWIFT_VERSION = 4.0;
				TARGETED_DEVICE_FAMILY = "1,2";
			};
			name = Debug;
		};
		B167F70A20EB3F5100C22B7D /* Release */ = {
			isa = XCBuildConfiguration;
			buildSettings = {
				ASSETCATALOG_COMPILER_APPICON_NAME = AppIcon;
				CLANG_ENABLE_MODULES = YES;
				CODE_SIGN_STYLE = Automatic;
				INFOPLIST_FILE = CustomMenu/Info.plist;
				LD_RUNPATH_SEARCH_PATHS = "$(inherited) @executable_path/Frameworks";
				PRODUCT_BUNDLE_IDENTIFIER = TVE.CustomMenu;
				PRODUCT_NAME = "$(TARGET_NAME)";
				SWIFT_OBJC_BRIDGING_HEADER = "CustomMenu/SWRevealViewController/CustomMenu-Bridging-Header.h";
				SWIFT_VERSION = 4.0;
				TARGETED_DEVICE_FAMILY = "1,2";
			};
			name = Release;
		};
		B167F70C20EB3F5100C22B7D /* Debug */ = {
			isa = XCBuildConfiguration;
			buildSettings = {
				ALWAYS_EMBED_SWIFT_STANDARD_LIBRARIES = YES;
				BUNDLE_LOADER = "$(TEST_HOST)";
				CODE_SIGN_STYLE = Automatic;
				INFOPLIST_FILE = CustomMenuTests/Info.plist;
				LD_RUNPATH_SEARCH_PATHS = "$(inherited) @executable_path/Frameworks @loader_path/Frameworks";
				PRODUCT_BUNDLE_IDENTIFIER = TVE.CustomMenuTests;
				PRODUCT_NAME = "$(TARGET_NAME)";
				SWIFT_VERSION = 4.0;
				TARGETED_DEVICE_FAMILY = "1,2";
				TEST_HOST = "$(BUILT_PRODUCTS_DIR)/CustomMenu.app/CustomMenu";
			};
			name = Debug;
		};
		B167F70D20EB3F5100C22B7D /* Release */ = {
			isa = XCBuildConfiguration;
			buildSettings = {
				ALWAYS_EMBED_SWIFT_STANDARD_LIBRARIES = YES;
				BUNDLE_LOADER = "$(TEST_HOST)";
				CODE_SIGN_STYLE = Automatic;
				INFOPLIST_FILE = CustomMenuTests/Info.plist;
				LD_RUNPATH_SEARCH_PATHS = "$(inherited) @executable_path/Frameworks @loader_path/Frameworks";
				PRODUCT_BUNDLE_IDENTIFIER = TVE.CustomMenuTests;
				PRODUCT_NAME = "$(TARGET_NAME)";
				SWIFT_VERSION = 4.0;
				TARGETED_DEVICE_FAMILY = "1,2";
				TEST_HOST = "$(BUILT_PRODUCTS_DIR)/CustomMenu.app/CustomMenu";
			};
			name = Release;
		};
		B167F70F20EB3F5100C22B7D /* Debug */ = {
			isa = XCBuildConfiguration;
			buildSettings = {
				ALWAYS_EMBED_SWIFT_STANDARD_LIBRARIES = YES;
				CODE_SIGN_STYLE = Automatic;
				INFOPLIST_FILE = CustomMenuUITests/Info.plist;
				LD_RUNPATH_SEARCH_PATHS = "$(inherited) @executable_path/Frameworks @loader_path/Frameworks";
				PRODUCT_BUNDLE_IDENTIFIER = TVE.CustomMenuUITests;
				PRODUCT_NAME = "$(TARGET_NAME)";
				SWIFT_VERSION = 4.0;
				TARGETED_DEVICE_FAMILY = "1,2";
				TEST_TARGET_NAME = CustomMenu;
			};
			name = Debug;
		};
		B167F71020EB3F5100C22B7D /* Release */ = {
			isa = XCBuildConfiguration;
			buildSettings = {
				ALWAYS_EMBED_SWIFT_STANDARD_LIBRARIES = YES;
				CODE_SIGN_STYLE = Automatic;
				INFOPLIST_FILE = CustomMenuUITests/Info.plist;
				LD_RUNPATH_SEARCH_PATHS = "$(inherited) @executable_path/Frameworks @loader_path/Frameworks";
				PRODUCT_BUNDLE_IDENTIFIER = TVE.CustomMenuUITests;
				PRODUCT_NAME = "$(TARGET_NAME)";
				SWIFT_VERSION = 4.0;
				TARGETED_DEVICE_FAMILY = "1,2";
				TEST_TARGET_NAME = CustomMenu;
			};
			name = Release;
		};
/* End XCBuildConfiguration section */

/* Begin XCConfigurationList section */
		B167F6DB20EB3F5100C22B7D /* Build configuration list for PBXProject "CustomMenu" */ = {
			isa = XCConfigurationList;
			buildConfigurations = (
				B167F70620EB3F5100C22B7D /* Debug */,
				B167F70720EB3F5100C22B7D /* Release */,
			);
			defaultConfigurationIsVisible = 0;
			defaultConfigurationName = Release;
		};
		B167F70820EB3F5100C22B7D /* Build configuration list for PBXNativeTarget "CustomMenu" */ = {
			isa = XCConfigurationList;
			buildConfigurations = (
				B167F70920EB3F5100C22B7D /* Debug */,
				B167F70A20EB3F5100C22B7D /* Release */,
			);
			defaultConfigurationIsVisible = 0;
			defaultConfigurationName = Release;
		};
		B167F70B20EB3F5100C22B7D /* Build configuration list for PBXNativeTarget "CustomMenuTests" */ = {
			isa = XCConfigurationList;
			buildConfigurations = (
				B167F70C20EB3F5100C22B7D /* Debug */,
				B167F70D20EB3F5100C22B7D /* Release */,
			);
			defaultConfigurationIsVisible = 0;
			defaultConfigurationName = Release;
		};
		B167F70E20EB3F5100C22B7D /* Build configuration list for PBXNativeTarget "CustomMenuUITests" */ = {
			isa = XCConfigurationList;
			buildConfigurations = (
				B167F70F20EB3F5100C22B7D /* Debug */,
				B167F71020EB3F5100C22B7D /* Release */,
			);
			defaultConfigurationIsVisible = 0;
			defaultConfigurationName = Release;
		};
/* End XCConfigurationList section */
	};
	rootObject = B167F6D820EB3F5100C22B7D /* Project object */;
}
